
Microsoft Visual Studio Solution File, Format Version 12.00
# Visual Studio Version 17
VisualStudioVersion = 17.4.33110.190
MinimumVisualStudioVersion = 10.0.40219.1
Project("{9A19103F-16F7-4668-BE54-9A1E7A4F7556}") = "HotelFinal.Server", "Server\HotelFinal.Server.csproj", "{CE1D3D2C-C724-4570-8172-6716AA16B3D7}"
EndProject
Project("{9A19103F-16F7-4668-BE54-9A1E7A4F7556}") = "HotelFinal.Client", "Client\HotelFinal.Client.csproj", "{4E15E8F6-3D16-44E0-93DE-45A49001684E}"
EndProject
Project("{9A19103F-16F7-4668-BE54-9A1E7A4F7556}") = "HotelFinal.Shared", "Shared\HotelFinal.Shared.csproj", "{4B736DE1-027A-4ED9-AE10-A050A6BBE4ED}"
EndProject
Project("{9A19103F-16F7-4668-BE54-9A1E7A4F7556}") = "HotelFinal.Test", "HotelFinal.Test\HotelFinal.Test.csproj", "{1A5D1192-9EF1-4529-91F4-F33E2993F709}"
EndProject
Project("{2150E333-8FDC-42A3-9474-1A3956D46DE8}") = "Solution Items", "Solution Items", "{48F17EC9-0821-43D6-8138-9792F8D606BE}"
	ProjectSection(SolutionItems) = preProject
		.github\workflows\HotelFinalServer20221201160642.yml = .github\workflows\HotelFinalServer20221201160642.yml
	EndProjectSection
EndProject
Project("{9A19103F-16F7-4668-BE54-9A1E7A4F7556}") = "MoblieShared", "MoblieShared\MoblieShared.csproj", "{460A6B3C-4840-44F3-A4D4-F4256BAF53B9}"
EndProject
Project("{9A19103F-16F7-4668-BE54-9A1E7A4F7556}") = "HotelMobileApp", "HotelMobileApp\HotelMobileApp.csproj", "{29EB3D45-0953-44F3-8E53-72BE749BAF25}"
EndProject
Project("{FAE04EC0-301F-11D3-BF4B-00C04F79EFBC}") = "MauiTesting", "MauiTesting\MauiTesting.csproj", "{2BD134DD-3E28-479A-A068-8B3A5A971F51}"
	ProjectSection(ProjectDependencies) = postProject
		{460A6B3C-4840-44F3-A4D4-F4256BAF53B9} = {460A6B3C-4840-44F3-A4D4-F4256BAF53B9}
	EndProjectSection
EndProject
Global
	GlobalSection(SolutionConfigurationPlatforms) = preSolution
		Debug|Any CPU = Debug|Any CPU
		Release|Any CPU = Release|Any CPU
	EndGlobalSection
	GlobalSection(ProjectConfigurationPlatforms) = postSolution
		{CE1D3D2C-C724-4570-8172-6716AA16B3D7}.Debug|Any CPU.ActiveCfg = Debug|Any CPU
		{CE1D3D2C-C724-4570-8172-6716AA16B3D7}.Debug|Any CPU.Build.0 = Debug|Any CPU
		{CE1D3D2C-C724-4570-8172-6716AA16B3D7}.Release|Any CPU.ActiveCfg = Release|Any CPU
		{CE1D3D2C-C724-4570-8172-6716AA16B3D7}.Release|Any CPU.Build.0 = Release|Any CPU
		{4E15E8F6-3D16-44E0-93DE-45A49001684E}.Debug|Any CPU.ActiveCfg = Debug|Any CPU
		{4E15E8F6-3D16-44E0-93DE-45A49001684E}.Debug|Any CPU.Build.0 = Debug|Any CPU
		{4E15E8F6-3D16-44E0-93DE-45A49001684E}.Release|Any CPU.ActiveCfg = Release|Any CPU
		{4E15E8F6-3D16-44E0-93DE-45A49001684E}.Release|Any CPU.Build.0 = Release|Any CPU
		{4B736DE1-027A-4ED9-AE10-A050A6BBE4ED}.Debug|Any CPU.ActiveCfg = Debug|Any CPU
		{4B736DE1-027A-4ED9-AE10-A050A6BBE4ED}.Debug|Any CPU.Build.0 = Debug|Any CPU
		{4B736DE1-027A-4ED9-AE10-A050A6BBE4ED}.Release|Any CPU.ActiveCfg = Release|Any CPU
		{4B736DE1-027A-4ED9-AE10-A050A6BBE4ED}.Release|Any CPU.Build.0 = Release|Any CPU
		{1A5D1192-9EF1-4529-91F4-F33E2993F709}.Debug|Any CPU.ActiveCfg = Debug|Any CPU
		{1A5D1192-9EF1-4529-91F4-F33E2993F709}.Debug|Any CPU.Build.0 = Debug|Any CPU
		{1A5D1192-9EF1-4529-91F4-F33E2993F709}.Release|Any CPU.ActiveCfg = Release|Any CPU
		{1A5D1192-9EF1-4529-91F4-F33E2993F709}.Release|Any CPU.Build.0 = Release|Any CPU
		{460A6B3C-4840-44F3-A4D4-F4256BAF53B9}.Debug|Any CPU.ActiveCfg = Debug|Any CPU
		{460A6B3C-4840-44F3-A4D4-F4256BAF53B9}.Debug|Any CPU.Build.0 = Debug|Any CPU
		{460A6B3C-4840-44F3-A4D4-F4256BAF53B9}.Release|Any CPU.ActiveCfg = Release|Any CPU
		{460A6B3C-4840-44F3-A4D4-F4256BAF53B9}.Release|Any CPU.Build.0 = Release|Any CPU
		{29EB3D45-0953-44F3-8E53-72BE749BAF25}.Debug|Any CPU.ActiveCfg = Debug|Any CPU
		{29EB3D45-0953-44F3-8E53-72BE749BAF25}.Debug|Any CPU.Build.0 = Debug|Any CPU
		{29EB3D45-0953-44F3-8E53-72BE749BAF25}.Debug|Any CPU.Deploy.0 = Debug|Any CPU
		{29EB3D45-0953-44F3-8E53-72BE749BAF25}.Release|Any CPU.ActiveCfg = Release|Any CPU
		{29EB3D45-0953-44F3-8E53-72BE749BAF25}.Release|Any CPU.Build.0 = Release|Any CPU
		{29EB3D45-0953-44F3-8E53-72BE749BAF25}.Release|Any CPU.Deploy.0 = Release|Any CPU
		{2BD134DD-3E28-479A-A068-8B3A5A971F51}.Debug|Any CPU.ActiveCfg = Debug|Any CPU
		{2BD134DD-3E28-479A-A068-8B3A5A971F51}.Debug|Any CPU.Build.0 = Debug|Any CPU
		{2BD134DD-3E28-479A-A068-8B3A5A971F51}.Debug|Any CPU.Deploy.0 = Debug|Any CPU
		{2BD134DD-3E28-479A-A068-8B3A5A971F51}.Release|Any CPU.ActiveCfg = Release|Any CPU
		{2BD134DD-3E28-479A-A068-8B3A5A971F51}.Release|Any CPU.Build.0 = Release|Any CPU
		{2BD134DD-3E28-479A-A068-8B3A5A971F51}.Release|Any CPU.Deploy.0 = Release|Any CPU
	EndGlobalSection
	GlobalSection(SolutionProperties) = preSolution
		HideSolutionNode = FALSE
	EndGlobalSection
	GlobalSection(ExtensibilityGlobals) = postSolution
		SolutionGuid = {08A41285-F8EF-403F-89DB-98A92149BA82}
	EndGlobalSection
EndGlobal
